lockfileVersion: 5.3

specifiers:
  '@actions/core': ^1.5.0
  '@actions/github': ^5.0.0
  '@types/node': ^16.9.2
  '@vercel/ncc': ^0.29.2
  axios: ^0.21.4
  esbuild: ^0.12.28
  esbuild-runner: ^2.2.1
  typescript: ^4.4.3

dependencies:
  '@actions/core': 1.5.0
  '@actions/github': 5.0.0
  axios: 0.21.4

devDependencies:
  '@types/node': 16.9.2
  '@vercel/ncc': 0.29.2
  esbuild: 0.12.28
  esbuild-runner: 2.2.1_esbuild@0.12.28
  typescript: 4.4.3

packages:

  /@actions/core/1.5.0:
    resolution: {integrity: sha512-eDOLH1Nq9zh+PJlYLqEMkS/jLQxhksPNmUGNBHfa4G+tQmnIhzpctxmchETtVGyBOvXgOVVpYuE40+eS4cUnwQ==}
    dev: false

  /@actions/github/5.0.0:
    resolution: {integrity: sha512-QvE9eAAfEsS+yOOk0cylLBIO/d6WyWIOvsxxzdrPFaud39G6BOkUwScXZn1iBzQzHyu9SBkkLSWlohDWdsasAQ==}
    dependencies:
      '@actions/http-client': 1.0.11
      '@octokit/core': 3.5.1
      '@octokit/plugin-paginate-rest': 2.16.3_@octokit+core@3.5.1
      '@octokit/plugin-rest-endpoint-methods': 5.10.4_@octokit+core@3.5.1
    dev: false

  /@actions/http-client/1.0.11:
    resolution: {integrity: sha512-VRYHGQV1rqnROJqdMvGUbY/Kn8vriQe/F9HR2AlYHzmKuM/p3kjNuXhmdBfcVgsvRWTz5C5XW5xvndZrVBuAYg==}
    dependencies:
      tunnel: 0.0.6
    dev: false

  /@octokit/auth-token/2.5.0:
    resolution: {integrity: sha512-r5FVUJCOLl19AxiuZD2VRZ/ORjp/4IN98Of6YJoJOkY75CIBuYfmiNHGrDwXr+aLGG55igl9QrxX3hbiXlLb+g==}
    dependencies:
      '@octokit/types': 6.28.1
    dev: false

  /@octokit/core/3.5.1:
    resolution: {integrity: sha512-omncwpLVxMP+GLpLPgeGJBF6IWJFjXDS5flY5VbppePYX9XehevbDykRH9PdCdvqt9TS5AOTiDide7h0qrkHjw==}
    dependencies:
      '@octokit/auth-token': 2.5.0
      '@octokit/graphql': 4.8.0
      '@octokit/request': 5.6.1
      '@octokit/request-error': 2.1.0
      '@octokit/types': 6.28.1
      before-after-hook: 2.2.2
      universal-user-agent: 6.0.0
    dev: false

  /@octokit/endpoint/6.0.12:
    resolution: {integrity: sha512-lF3puPwkQWGfkMClXb4k/eUT/nZKQfxinRWJrdZaJO85Dqwo/G0yOC434Jr2ojwafWJMYqFGFa5ms4jJUgujdA==}
    dependencies:
      '@octokit/types': 6.28.1
      is-plain-object: 5.0.0
      universal-user-agent: 6.0.0
    dev: false

  /@octokit/graphql/4.8.0:
    resolution: {integrity: sha512-0gv+qLSBLKF0z8TKaSKTsS39scVKF9dbMxJpj3U0vC7wjNWFuIpL/z76Qe2fiuCbDRcJSavkXsVtMS6/dtQQsg==}
    dependencies:
      '@octokit/request': 5.6.1
      '@octokit/types': 6.28.1
      universal-user-agent: 6.0.0
    dev: false

  /@octokit/openapi-types/10.2.2:
    resolution: {integrity: sha512-EVcXQ+ZrC04cg17AMg1ofocWMxHDn17cB66ZHgYc0eUwjFtxS0oBzkyw2VqIrHBwVgtfoYrq1WMQfQmMjUwthw==}
    dev: false

  /@octokit/plugin-paginate-rest/2.16.3_@octokit+core@3.5.1:
    resolution: {integrity: sha512-kdc65UEsqze/9fCISq6BxLzeB9qf0vKvKojIfzgwf4tEF+Wy6c9dXnPFE6vgpoDFB1Z5Jek5WFVU6vL1w22+Iw==}
    peerDependencies:
      '@octokit/core': '>=2'
    dependencies:
      '@octokit/core': 3.5.1
      '@octokit/types': 6.28.1
    dev: false

  /@octokit/plugin-rest-endpoint-methods/5.10.4_@octokit+core@3.5.1:
    resolution: {integrity: sha512-Dh+EAMCYR9RUHwQChH94Skl0lM8Fh99auT8ggck/xTzjJrwVzvsd0YH68oRPqp/HxICzmUjLfaQ9sy1o1sfIiA==}
    peerDependencies:
      '@octokit/core': '>=3'
    dependencies:
      '@octokit/core': 3.5.1
      '@octokit/types': 6.28.1
      deprecation: 2.3.1
    dev: false

  /@octokit/request-error/2.1.0:
    resolution: {integrity: sha512-1VIvgXxs9WHSjicsRwq8PlR2LR2x6DwsJAaFgzdi0JfJoGSO8mYI/cHJQ+9FbN21aa+DrgNLnwObmyeSC8Rmpg==}
    dependencies:
      '@octokit/types': 6.28.1
      deprecation: 2.3.1
      once: 1.4.0
    dev: false

  /@octokit/request/5.6.1:
    resolution: {integrity: sha512-Ls2cfs1OfXaOKzkcxnqw5MR6drMA/zWX/LIS/p8Yjdz7QKTPQLMsB3R+OvoxE6XnXeXEE2X7xe4G4l4X0gRiKQ==}
    dependencies:
      '@octokit/endpoint': 6.0.12
      '@octokit/request-error': 2.1.0
      '@octokit/types': 6.28.1
      is-plain-object: 5.0.0
      node-fetch: 2.6.2
      universal-user-agent: 6.0.0
    dev: false

  /@octokit/types/6.28.1:
    resolution: {integrity: sha512-XlxDoQLFO5JnFZgKVQTYTvXRsQFfr/GwDUU108NJ9R5yFPkA2qXhTJjYuul3vE4eLXP40FA2nysOu2zd6boE+w==}
    dependencies:
      '@octokit/openapi-types': 10.2.2
    dev: false

  /@types/node/16.9.2:
    resolution: {integrity: sha512-ZHty/hKoOLZvSz6BtP1g7tc7nUeJhoCf3flLjh8ZEv1vFKBWHXcnMbJMyN/pftSljNyy0kNW/UqI3DccnBnZ8w==}
    dev: true

  /@vercel/ncc/0.29.2:
    resolution: {integrity: sha512-eUxibZD92k+rY0oZJFZooGqdVpGkDrrHlUhj9UAWrtoyXCGmNOWC1Kcr2KPrZoHRSlWwHOcRnkn2nGT+aHY2KA==}
    hasBin: true
    dev: true

  /axios/0.21.4:
    resolution: {integrity: sha512-ut5vewkiu8jjGBdqpM44XxjuCjq9LAKeHVmoVfHVzy8eHgxxq8SbAVQNovDA8mVi05kP0Ea/n/UzcSHcTJQfNg==}
    dependencies:
      follow-redirects: 1.14.4
    transitivePeerDependencies:
      - debug
    dev: false

  /before-after-hook/2.2.2:
    resolution: {integrity: sha512-3pZEU3NT5BFUo/AD5ERPWOgQOCZITni6iavr5AUw5AUwQjMlI0kzu5btnyD39AF0gUEsDPwJT+oY1ORBJijPjQ==}
    dev: false

  /buffer-from/1.1.2:
    resolution: {integrity: sha512-E+XQCRwSbaaiChtv6k6Dwgc+bx+Bs6vuKJHHl5kox/BaKbhiXzqQOwK4cO22yElGp2OCmjwVhT3HmxgyPGnJfQ==}
    dev: true

  /deprecation/2.3.1:
    resolution: {integrity: sha512-xmHIy4F3scKVwMsQ4WnVaS8bHOx0DmVwRywosKhaILI0ywMDWPtBSku2HNxRvF7jtwDRsoEwYQSfbxj8b7RlJQ==}
    dev: false

  /esbuild-runner/2.2.1_esbuild@0.12.28:
    resolution: {integrity: sha512-VP0VfJJZiZ3cKzdOH59ZceDxx/GzBKra7tiGM8MfFMLv6CR1/cpsvtQ3IsJI3pz7HyeYxtbPyecj3fHwR+3XcQ==}
    hasBin: true
    peerDependencies:
      esbuild: '*'
    dependencies:
      esbuild: 0.12.28
      source-map-support: 0.5.19
      tslib: 2.3.1
    dev: true

  /esbuild/0.12.28:
    resolution: {integrity: sha512-pZ0FrWZXlvQOATlp14lRSk1N9GkeJ3vLIwOcUoo3ICQn9WNR4rWoNi81pbn6sC1iYUy7QPqNzI3+AEzokwyVcA==}
    hasBin: true
    requiresBuild: true
    dev: true

  /follow-redirects/1.14.4:
    resolution: {integrity: sha512-zwGkiSXC1MUJG/qmeIFH2HBJx9u0V46QGUe3YR1fXG8bXQxq7fLj0RjLZQ5nubr9qNJUZrH+xUcwXEoXNpfS+g==}
    engines: {node: '>=4.0'}
    peerDependencies:
      debug: '*'
    peerDependenciesMeta:
      debug:
        optional: true
    dev: false

  /is-plain-object/5.0.0:
    resolution: {integrity: sha512-VRSzKkbMm5jMDoKLbltAkFQ5Qr7VDiTFGXxYFXXowVj387GeGNOCsOH6Msy00SGZ3Fp84b1Naa1psqgcCIEP5Q==}
    engines: {node: '>=0.10.0'}
    dev: false

  /node-fetch/2.6.2:
    resolution: {integrity: sha512-aLoxToI6RfZ+0NOjmWAgn9+LEd30YCkJKFSyWacNZdEKTit/ZMcKjGkTRo8uWEsnIb/hfKecNPEbln02PdWbcA==}
    engines: {node: 4.x || >=6.0.0}
    dev: false

  /once/1.4.0:
    resolution: {integrity: sha1-WDsap3WWHUsROsF9nFC6753Xa9E=}
    dependencies:
      wrappy: 1.0.2
    dev: false

  /source-map-support/0.5.19:
    resolution: {integrity: sha512-Wonm7zOCIJzBGQdB+thsPar0kYuCIzYvxZwlBa87yi/Mdjv7Tip2cyVbLj5o0cFPN4EVkuTwb3GDDyUx2DGnGw==}
    dependencies:
      buffer-from: 1.1.2
      source-map: 0.6.1
    dev: true

  /source-map/0.6.1:
    resolution: {integrity: sha512-UjgapumWlbMhkBgzT7Ykc5YXUT46F0iKu8SGXq0bcwP5dz/h0Plj6enJqjz1Zbq2l5WaqYnrVbwWOWMyF3F47g==}
    engines: {node: '>=0.10.0'}
    dev: true

  /tslib/2.3.1:
    resolution: {integrity: sha512-77EbyPPpMz+FRFRuAFlWMtmgUWGe9UOG2Z25NqCwiIjRhOf5iKGuzSe5P2w1laq+FkRy4p+PCuVkJSGkzTEKVw==}
    dev: true

  /tunnel/0.0.6:
    resolution: {integrity: sha512-1h/Lnq9yajKY2PEbBadPXj3VxsDDu844OnaAo52UVmIzIvwwtBPIuNvkjuzBlTWpfJyUbG3ez0KSBibQkj4ojg==}
    engines: {node: '>=0.6.11 <=0.7.0 || >=0.7.3'}
    dev: false

  /typescript/4.4.3:
    resolution: {integrity: sha512-4xfscpisVgqqDfPaJo5vkd+Qd/ItkoagnHpufr+i2QCHBsNYp+G7UAoyFl8aPtx879u38wPV65rZ8qbGZijalA==}
    engines: {node: '>=4.2.0'}
    hasBin: true
    dev: true

  /universal-user-agent/6.0.0:
    resolution: {integrity: sha512-isyNax3wXoKaulPDZWHQqbmIx1k2tb9fb3GGDBRxCscfYV2Ch7WxPArBsFEG8s/safwXTT7H4QGhaIkTp9447w==}
    dev: false

  /wrappy/1.0.2:
    resolution: {integrity: sha1-tSQ9jz7BqjXxNkYFvA0QNuMKtp8=}
    dev: false
