lockfileVersion: 5.3

specifiers:
  '@actions/core': ^1.5.0
  '@actions/github': ^5.0.0
  '@types/node': ^16.6.2
  '@vercel/ncc': ^0.29.2
  axios: ^0.21.1
  esbuild: ^0.12.21
  esbuild-runner: ^2.2.0
  typescript: ^4.3.5

dependencies:
  '@actions/core': 1.5.0
  '@actions/github': 5.0.0
  axios: 0.21.1

devDependencies:
  '@types/node': 16.6.2
  '@vercel/ncc': 0.29.2
  esbuild: 0.12.21
  esbuild-runner: 2.2.0_esbuild@0.12.21
  typescript: 4.3.5

packages:

  /@actions/core/1.5.0:
    resolution: {integrity: sha512-eDOLH1Nq9zh+PJlYLqEMkS/jLQxhksPNmUGNBHfa4G+tQmnIhzpctxmchETtVGyBOvXgOVVpYuE40+eS4cUnwQ==}
    dev: false

  /@actions/github/5.0.0:
    resolution: {integrity: sha512-QvE9eAAfEsS+yOOk0cylLBIO/d6WyWIOvsxxzdrPFaud39G6BOkUwScXZn1iBzQzHyu9SBkkLSWlohDWdsasAQ==}
    dependencies:
      '@actions/http-client': 1.0.11
      '@octokit/core': 3.5.1
      '@octokit/plugin-paginate-rest': 2.15.1_@octokit+core@3.5.1
      '@octokit/plugin-rest-endpoint-methods': 5.8.0_@octokit+core@3.5.1
    dev: false

  /@actions/http-client/1.0.11:
    resolution: {integrity: sha512-VRYHGQV1rqnROJqdMvGUbY/Kn8vriQe/F9HR2AlYHzmKuM/p3kjNuXhmdBfcVgsvRWTz5C5XW5xvndZrVBuAYg==}
    dependencies:
      tunnel: 0.0.6
    dev: false

  /@octokit/auth-token/2.4.5:
    resolution: {integrity: sha512-BpGYsPgJt05M7/L/5FoE1PiAbdxXFZkX/3kDYcsvd1v6UhlnE5e96dTDr0ezX/EFwciQxf3cNV0loipsURU+WA==}
    dependencies:
      '@octokit/types': 6.25.0
    dev: false

  /@octokit/core/3.5.1:
    resolution: {integrity: sha512-omncwpLVxMP+GLpLPgeGJBF6IWJFjXDS5flY5VbppePYX9XehevbDykRH9PdCdvqt9TS5AOTiDide7h0qrkHjw==}
    dependencies:
      '@octokit/auth-token': 2.4.5
      '@octokit/graphql': 4.6.4
      '@octokit/request': 5.6.1
      '@octokit/request-error': 2.1.0
      '@octokit/types': 6.25.0
      before-after-hook: 2.2.2
      universal-user-agent: 6.0.0
    dev: false

  /@octokit/endpoint/6.0.12:
    resolution: {integrity: sha512-lF3puPwkQWGfkMClXb4k/eUT/nZKQfxinRWJrdZaJO85Dqwo/G0yOC434Jr2ojwafWJMYqFGFa5ms4jJUgujdA==}
    dependencies:
      '@octokit/types': 6.25.0
      is-plain-object: 5.0.0
      universal-user-agent: 6.0.0
    dev: false

  /@octokit/graphql/4.6.4:
    resolution: {integrity: sha512-SWTdXsVheRmlotWNjKzPOb6Js6tjSqA2a8z9+glDJng0Aqjzti8MEWOtuT8ZSu6wHnci7LZNuarE87+WJBG4vg==}
    dependencies:
      '@octokit/request': 5.6.1
      '@octokit/types': 6.25.0
      universal-user-agent: 6.0.0
    dev: false

  /@octokit/openapi-types/9.7.0:
    resolution: {integrity: sha512-TUJ16DJU8mekne6+KVcMV5g6g/rJlrnIKn7aALG9QrNpnEipFc1xjoarh0PKaAWf2Hf+HwthRKYt+9mCm5RsRg==}
    dev: false

  /@octokit/plugin-paginate-rest/2.15.1_@octokit+core@3.5.1:
    resolution: {integrity: sha512-47r52KkhQDkmvUKZqXzA1lKvcyJEfYh3TKAIe5+EzMeyDM3d+/s5v11i2gTk8/n6No6DPi3k5Ind6wtDbo/AEg==}
    peerDependencies:
      '@octokit/core': '>=2'
    dependencies:
      '@octokit/core': 3.5.1
      '@octokit/types': 6.25.0
    dev: false

  /@octokit/plugin-rest-endpoint-methods/5.8.0_@octokit+core@3.5.1:
    resolution: {integrity: sha512-qeLZZLotNkoq+it6F+xahydkkbnvSK0iDjlXFo3jNTB+Ss0qIbYQb9V/soKLMkgGw8Q2sHjY5YEXiA47IVPp4A==}
    peerDependencies:
      '@octokit/core': '>=3'
    dependencies:
      '@octokit/core': 3.5.1
      '@octokit/types': 6.25.0
      deprecation: 2.3.1
    dev: false

  /@octokit/request-error/2.1.0:
    resolution: {integrity: sha512-1VIvgXxs9WHSjicsRwq8PlR2LR2x6DwsJAaFgzdi0JfJoGSO8mYI/cHJQ+9FbN21aa+DrgNLnwObmyeSC8Rmpg==}
    dependencies:
      '@octokit/types': 6.25.0
      deprecation: 2.3.1
      once: 1.4.0
    dev: false

  /@octokit/request/5.6.1:
    resolution: {integrity: sha512-Ls2cfs1OfXaOKzkcxnqw5MR6drMA/zWX/LIS/p8Yjdz7QKTPQLMsB3R+OvoxE6XnXeXEE2X7xe4G4l4X0gRiKQ==}
    dependencies:
      '@octokit/endpoint': 6.0.12
      '@octokit/request-error': 2.1.0
      '@octokit/types': 6.25.0
      is-plain-object: 5.0.0
      node-fetch: 2.6.1
      universal-user-agent: 6.0.0
    dev: false

  /@octokit/types/6.25.0:
    resolution: {integrity: sha512-bNvyQKfngvAd/08COlYIN54nRgxskmejgywodizQNyiKoXmWRAjKup2/LYwm+T9V0gsKH6tuld1gM0PzmOiB4Q==}
    dependencies:
      '@octokit/openapi-types': 9.7.0
    dev: false

  /@types/node/16.6.2:
    resolution: {integrity: sha512-LSw8TZt12ZudbpHc6EkIyDM3nHVWKYrAvGy6EAJfNfjusbwnThqjqxUKKRwuV3iWYeW/LYMzNgaq3MaLffQ2xA==}
    dev: true

  /@vercel/ncc/0.29.2:
    resolution: {integrity: sha512-eUxibZD92k+rY0oZJFZooGqdVpGkDrrHlUhj9UAWrtoyXCGmNOWC1Kcr2KPrZoHRSlWwHOcRnkn2nGT+aHY2KA==}
    hasBin: true
    dev: true

  /axios/0.21.1:
    resolution: {integrity: sha512-dKQiRHxGD9PPRIUNIWvZhPTPpl1rf/OxTYKsqKUDjBwYylTvV7SjSHJb9ratfyzM6wCdLCOYLzs73qpg5c4iGA==}
    dependencies:
      follow-redirects: 1.14.2
    transitivePeerDependencies:
      - debug
    dev: false

  /before-after-hook/2.2.2:
    resolution: {integrity: sha512-3pZEU3NT5BFUo/AD5ERPWOgQOCZITni6iavr5AUw5AUwQjMlI0kzu5btnyD39AF0gUEsDPwJT+oY1ORBJijPjQ==}
    dev: false

  /buffer-from/1.1.2:
    resolution: {integrity: sha512-E+XQCRwSbaaiChtv6k6Dwgc+bx+Bs6vuKJHHl5kox/BaKbhiXzqQOwK4cO22yElGp2OCmjwVhT3HmxgyPGnJfQ==}
    dev: true

  /deprecation/2.3.1:
    resolution: {integrity: sha512-xmHIy4F3scKVwMsQ4WnVaS8bHOx0DmVwRywosKhaILI0ywMDWPtBSku2HNxRvF7jtwDRsoEwYQSfbxj8b7RlJQ==}
    dev: false

  /esbuild-runner/2.2.0_esbuild@0.12.21:
    resolution: {integrity: sha512-Ew8AF48i+edfI37qA157g5gQVsgBd8kbg0rOiGDZGxnf3/aUK9GXSYHGcfP5RNZF/6ziJWT0sD96jAfssYi0qQ==}
    hasBin: true
    peerDependencies:
      esbuild: '*'
    dependencies:
      esbuild: 0.12.21
      source-map-support: 0.5.19
      tslib: 2.2.0
    dev: true

  /esbuild/0.12.21:
    resolution: {integrity: sha512-7hyXbU3g94aREufI/5nls7Xcc+RGQeZWZApm6hoBaFvt2BPtpT4TjFMQ9Tb1jU8XyBGz00ShmiyflCogphMHFQ==}
    hasBin: true
    requiresBuild: true
    dev: true

  /follow-redirects/1.14.2:
    resolution: {integrity: sha512-yLR6WaE2lbF0x4K2qE2p9PEXKLDjUjnR/xmjS3wHAYxtlsI9MLLBJUZirAHKzUZDGLxje7w/cXR49WOUo4rbsA==}
    engines: {node: '>=4.0'}
    peerDependencies:
      debug: '*'
    peerDependenciesMeta:
      debug:
        optional: true
    dev: false

  /is-plain-object/5.0.0:
    resolution: {integrity: sha512-VRSzKkbMm5jMDoKLbltAkFQ5Qr7VDiTFGXxYFXXowVj387GeGNOCsOH6Msy00SGZ3Fp84b1Naa1psqgcCIEP5Q==}
    engines: {node: '>=0.10.0'}
    dev: false

  /node-fetch/2.6.1:
    resolution: {integrity: sha512-V4aYg89jEoVRxRb2fJdAg8FHvI7cEyYdVAh94HH0UIK8oJxUfkjlDQN9RbMx+bEjP7+ggMiFRprSti032Oipxw==}
    engines: {node: 4.x || >=6.0.0}
    dev: false

  /once/1.4.0:
    resolution: {integrity: sha1-WDsap3WWHUsROsF9nFC6753Xa9E=}
    dependencies:
      wrappy: 1.0.2
    dev: false

  /source-map-support/0.5.19:
    resolution: {integrity: sha512-Wonm7zOCIJzBGQdB+thsPar0kYuCIzYvxZwlBa87yi/Mdjv7Tip2cyVbLj5o0cFPN4EVkuTwb3GDDyUx2DGnGw==}
    dependencies:
      buffer-from: 1.1.2
      source-map: 0.6.1
    dev: true

  /source-map/0.6.1:
    resolution: {integrity: sha512-UjgapumWlbMhkBgzT7Ykc5YXUT46F0iKu8SGXq0bcwP5dz/h0Plj6enJqjz1Zbq2l5WaqYnrVbwWOWMyF3F47g==}
    engines: {node: '>=0.10.0'}
    dev: true

  /tslib/2.2.0:
    resolution: {integrity: sha512-gS9GVHRU+RGn5KQM2rllAlR3dU6m7AcpJKdtH8gFvQiC4Otgk98XnmMU+nZenHt/+VhnBPWwgrJsyrdcw6i23w==}
    dev: true

  /tunnel/0.0.6:
    resolution: {integrity: sha512-1h/Lnq9yajKY2PEbBadPXj3VxsDDu844OnaAo52UVmIzIvwwtBPIuNvkjuzBlTWpfJyUbG3ez0KSBibQkj4ojg==}
    engines: {node: '>=0.6.11 <=0.7.0 || >=0.7.3'}
    dev: false

  /typescript/4.3.5:
    resolution: {integrity: sha512-DqQgihaQ9cUrskJo9kIyW/+g0Vxsk8cDtZ52a3NGh0YNTfpUSArXSohyUGnvbPazEPLu398C0UxmKSOrPumUzA==}
    engines: {node: '>=4.2.0'}
    hasBin: true
    dev: true

  /universal-user-agent/6.0.0:
    resolution: {integrity: sha512-isyNax3wXoKaulPDZWHQqbmIx1k2tb9fb3GGDBRxCscfYV2Ch7WxPArBsFEG8s/safwXTT7H4QGhaIkTp9447w==}
    dev: false

  /wrappy/1.0.2:
    resolution: {integrity: sha1-tSQ9jz7BqjXxNkYFvA0QNuMKtp8=}
    dev: false
